
Microsoft Visual Studio Solution File, Format Version 12.00
# Visual Studio 15
Project("{FAE04EC0-301F-11D3-BF4B-00C04F79EFBC}") = "Assembly-CSharp", "Assembly-CSharp.csproj", "{FC97D2BC-EB84-4093-3684-36D4228F44C6}"
EndProject
Project("{FAE04EC0-301F-11D3-BF4B-00C04F79EFBC}") = "Assembly-CSharp-Editor", "Assembly-CSharp-Editor.csproj", "{77BD690E-45F5-07BF-E1C6-48D60D2A9B2D}"
EndProject
Global
	GlobalSection(SolutionConfigurationPlatforms) = preSolution
		Debug|Any CPU = Debug|Any CPU
		Release|Any CPU = Release|Any CPU
	EndGlobalSection
	GlobalSection(ProjectConfigurationPlatforms) = postSolution
		{FC97D2BC-EB84-4093-3684-36D4228F44C6}.Debug|Any CPU.ActiveCfg = Debug|Any CPU
		{FC97D2BC-EB84-4093-3684-36D4228F44C6}.Debug|Any CPU.Build.0 = Debug|Any CPU
		{FC97D2BC-EB84-4093-3684-36D4228F44C6}.Release|Any CPU.ActiveCfg = Release|Any CPU
		{FC97D2BC-EB84-4093-3684-36D4228F44C6}.Release|Any CPU.Build.0 = Release|Any CPU
		{77BD690E-45F5-07BF-E1C6-48D60D2A9B2D}.Debug|Any CPU.ActiveCfg = Debug|Any CPU
		{77BD690E-45F5-07BF-E1C6-48D60D2A9B2D}.Debug|Any CPU.Build.0 = Debug|Any CPU
		{77BD690E-45F5-07BF-E1C6-48D60D2A9B2D}.Release|Any CPU.ActiveCfg = Release|Any CPU
		{77BD690E-45F5-07BF-E1C6-48D60D2A9B2D}.Release|Any CPU.Build.0 = Release|Any CPU
	EndGlobalSection
	GlobalSection(SolutionProperties) = preSolution
		HideSolutionNode = FALSE
	EndGlobalSection
EndGlobal
